<?xml version="1.0" encoding="utf-8"?>
<Project ToolsVersion="4.0" xmlns="http://schemas.microsoft.com/developer/msbuild/2003">
  <ItemGroup>
    <Filter Include="Source Files">
      <UniqueIdentifier>{4FC737F1-C7A5-4376-A066-2A32D752A2FF}</UniqueIdentifier>
      <Extensions>cpp;c;cc;cxx;def;odl;idl;hpj;bat;asm;asmx</Extensions>
    </Filter>
    <Filter Include="Header Files">
      <UniqueIdentifier>{93995380-89BD-4b04-88EB-625FBE52EBFB}</UniqueIdentifier>
      <Extensions>h;hh;hpp;hxx;hm;inl;inc;xsd</Extensions>
    </Filter>
    <Filter Include="Source Files\Components">
      <UniqueIdentifier>{1329df82-61c9-4ed0-92cd-314866d32727}</UniqueIdentifier>
    </Filter>
    <Filter Include="Resource Files">
      <UniqueIdentifier>{54f0adeb-8b31-4c2f-979f-e4ee6840b918}</UniqueIdentifier>
    </Filter>
    <Filter Include="Header Files\Game">
      <UniqueIdentifier>{cb5ac4de-3b5b-457d-a763-130803530a32}</UniqueIdentifier>
    </Filter>
    <Filter Include="Header Files\Game\CustomWidgets">
      <UniqueIdentifier>{88ffd4d1-8b88-4f47-883f-741e4c7730a5}</UniqueIdentifier>
    </Filter>
    <Filter Include="Header Files\Game\Input">
      <UniqueIdentifier>{ecd54b80-7359-4d4e-91d2-2a93d5fdedcd}</UniqueIdentifier>
    </Filter>
    <Filter Include="Header Files\Game\UIElements">
      <UniqueIdentifier>{53551797-4a57-4fb0-8648-3f2cd26d4a93}</UniqueIdentifier>
    </Filter>
    <Filter Include="Header Files\Game\Sound">
      <UniqueIdentifier>{972e5b38-d7f8-4c0f-9dde-f3e1885411b9}</UniqueIdentifier>
    </Filter>
    <Filter Include="Header Files\Game\Utilities">
      <UniqueIdentifier>{2cbe984f-5f65-4084-83a3-5da69ec5772e}</UniqueIdentifier>
    </Filter>
    <Filter Include="Source Files\Game">
      <UniqueIdentifier>{2c7d4cbc-bf62-49d7-9125-dcf21018b049}</UniqueIdentifier>
    </Filter>
    <Filter Include="Source Files\Game\CustomWidgets">
      <UniqueIdentifier>{60910bd5-3936-40cc-9cbd-ba3a9c6374ac}</UniqueIdentifier>
    </Filter>
    <Filter Include="Source Files\Game\Input">
      <UniqueIdentifier>{6d28ac1f-0f87-4e05-a4b7-6ca84bd3ad3d}</UniqueIdentifier>
    </Filter>
    <Filter Include="Source Files\Game\Sound">
      <UniqueIdentifier>{e42ad5bb-5346-4386-99a4-349f1dbb8499}</UniqueIdentifier>
    </Filter>
    <Filter Include="Source Files\Game\Utilities">
      <UniqueIdentifier>{156e0448-1d5a-4cce-92bb-4c7e27f609c8}</UniqueIdentifier>
    </Filter>
    <Filter Include="Source Files\Game\UIElements">
      <UniqueIdentifier>{23b2f97d-d467-48ef-8820-d4883d4ac330}</UniqueIdentifier>
    </Filter>
  </ItemGroup>
  <ItemGroup>
    <ClCompile Include="Source\UltraEngine.cpp">
      <Filter>Source Files</Filter>
    </ClCompile>
    <ClCompile Include="Source\main.cpp">
      <Filter>Source Files</Filter>
    </ClCompile>
    <ClCompile Include="Source\Game\CustomWidgets\Spinner.cpp">
      <Filter>Source Files\Game\CustomWidgets</Filter>
    </ClCompile>
    <ClCompile Include="Source\Game\CustomWidgets\FloatSlider.cpp">
      <Filter>Source Files\Game\CustomWidgets</Filter>
    </ClCompile>
    <ClCompile Include="Source\Game\CustomWidgets\InputBindPanel.cpp">
      <Filter>Source Files\Game\CustomWidgets</Filter>
    </ClCompile>
    <ClCompile Include="Source\Game\CustomWidgets\KeyBindButton.cpp">
      <Filter>Source Files\Game\CustomWidgets</Filter>
    </ClCompile>
    <ClCompile Include="Source\Game\CustomWidgets\NumberSlider.cpp">
      <Filter>Source Files\Game\CustomWidgets</Filter>
    </ClCompile>
    <ClCompile Include="Source\Game\CustomWidgets\ResoultionComboBox.cpp">
      <Filter>Source Files\Game\CustomWidgets</Filter>
    </ClCompile>
    <ClCompile Include="Source\Game\CustomWidgets\ScrollPanel.cpp">
      <Filter>Source Files\Game\CustomWidgets</Filter>
    </ClCompile>
    <ClCompile Include="Source\Game\Input\Input.cpp">
      <Filter>Source Files\Game\Input</Filter>
    </ClCompile>
    <ClCompile Include="Source\Game\Input\ButtonCode.cpp">
      <Filter>Source Files\Game\Input</Filter>
    </ClCompile>
    <ClCompile Include="Source\Game\Input\GameController.cpp">
      <Filter>Source Files\Game\Input</Filter>
    </ClCompile>
    <ClCompile Include="Source\Game\Sound\SoundProfile.cpp">
      <Filter>Source Files\Game\Sound</Filter>
    </ClCompile>
    <ClCompile Include="Source\Game\Sound\GameSpeaker.cpp">
      <Filter>Source Files\Game\Sound</Filter>
    </ClCompile>
    <ClCompile Include="Source\Game\Sound\SoundFunctions.cpp">
      <Filter>Source Files\Game\Sound</Filter>
    </ClCompile>
    <ClCompile Include="Source\Game\UIElements\SplashScreen.cpp">
      <Filter>Source Files\Game\UIElements</Filter>
    </ClCompile>
    <ClCompile Include="Source\Game\UIElements\ConsoleWindow.cpp">
      <Filter>Source Files\Game\UIElements</Filter>
    </ClCompile>
    <ClCompile Include="Source\Game\UIElements\GraphicsWindow.cpp">
      <Filter>Source Files\Game\UIElements</Filter>
    </ClCompile>
    <ClCompile Include="Source\Game\UIElements\SettingsWindow.cpp">
      <Filter>Source Files\Game\UIElements</Filter>
    </ClCompile>
    <ClCompile Include="Source\Game\Utilities\Win32System.cpp">
      <Filter>Source Files\Game\Utilities</Filter>
    </ClCompile>
    <ClCompile Include="Source\Game\Utilities\CheckArgument.cpp">
      <Filter>Source Files\Game\Utilities</Filter>
    </ClCompile>
    <ClCompile Include="Source\Game\Utilities\MessageBox.cpp">
      <Filter>Source Files\Game\Utilities</Filter>
    </ClCompile>
    <ClCompile Include="Source\Game\Utilities\RandomNumber.cpp">
      <Filter>Source Files\Game\Utilities</Filter>
    </ClCompile>
    <ClCompile Include="Source\Game\Utilities\StringFunctions.cpp">
      <Filter>Source Files\Game\Utilities</Filter>
    </ClCompile>
    <ClCompile Include="Source\Game\Utilities\SystemTime.cpp">
      <Filter>Source Files\Game\Utilities</Filter>
    </ClCompile>
    <ClCompile Include="Source\Game\UIElement.cpp">
      <Filter>Source Files\Game</Filter>
    </ClCompile>
    <ClCompile Include="Source\Game\Game.cpp">
      <Filter>Source Files\Game</Filter>
    </ClCompile>
    <ClCompile Include="Source\Game\GameLuaBindings.cpp">
      <Filter>Source Files\Game</Filter>
    </ClCompile>
    <ClCompile Include="Source\Game\GameObject.cpp">
      <Filter>Source Files\Game</Filter>
    </ClCompile>
    <ClCompile Include="Source\Game\LoadingScreen.cpp">
      <Filter>Source Files\Game</Filter>
    </ClCompile>
    <ClCompile Include="Source\Game\Stage.cpp">
      <Filter>Source Files\Game</Filter>
    </ClCompile>
    <ClCompile Include="Source\Game\Canvas.cpp">
      <Filter>Source Files\Game</Filter>
    </ClCompile>
  </ItemGroup>
  <ItemGroup>
    <ClInclude Include="Source\resource.h">
      <Filter>Header Files</Filter>
    </ClInclude>
    <ClInclude Include="Source\targetver.h">
      <Filter>Header Files</Filter>
    </ClInclude>
    <ClInclude Include="Source\Game\CustomWidgets\FloatSlider.h">
      <Filter>Header Files\Game\CustomWidgets</Filter>
    </ClInclude>
    <ClInclude Include="Source\Game\CustomWidgets\InputBindPanel.h">
      <Filter>Header Files\Game\CustomWidgets</Filter>
    </ClInclude>
    <ClInclude Include="Source\Game\CustomWidgets\KeyBindButton.h">
      <Filter>Header Files\Game\CustomWidgets</Filter>
    </ClInclude>
    <ClInclude Include="Source\Game\CustomWidgets\NumberSlider.h">
      <Filter>Header Files\Game\CustomWidgets</Filter>
    </ClInclude>
    <ClInclude Include="Source\Game\CustomWidgets\ResoultionComboBox.h">
      <Filter>Header Files\Game\CustomWidgets</Filter>
    </ClInclude>
    <ClInclude Include="Source\Game\CustomWidgets\ScrollPanel.h">
      <Filter>Header Files\Game\CustomWidgets</Filter>
    </ClInclude>
    <ClInclude Include="Source\Game\CustomWidgets\Spinner.h">
      <Filter>Header Files\Game\CustomWidgets</Filter>
    </ClInclude>
    <ClInclude Include="Source\Game\Input\Input.h">
      <Filter>Header Files\Game\Input</Filter>
    </ClInclude>
    <ClInclude Include="Source\Game\Input\ButtonCode.h">
      <Filter>Header Files\Game\Input</Filter>
    </ClInclude>
    <ClInclude Include="Source\Game\Input\GameController.h">
      <Filter>Header Files\Game\Input</Filter>
    </ClInclude>
    <ClInclude Include="Source\Game\Sound\SoundProfile.h">
      <Filter>Header Files\Game\Sound</Filter>
    </ClInclude>
    <ClInclude Include="Source\Game\Sound\GameSpeaker.h">
      <Filter>Header Files\Game\Sound</Filter>
    </ClInclude>
    <ClInclude Include="Source\Game\Sound\SoundFunctions.h">
      <Filter>Header Files\Game\Sound</Filter>
    </ClInclude>
    <ClInclude Include="Source\Game\UIElements\ConsoleWindow.h">
      <Filter>Header Files\Game\UIElements</Filter>
    </ClInclude>
    <ClInclude Include="Source\Game\UIElements\GraphicsWindow.h">
      <Filter>Header Files\Game\UIElements</Filter>
    </ClInclude>
    <ClInclude Include="Source\Game\UIElements\SettingsWindow.h">
      <Filter>Header Files\Game\UIElements</Filter>
    </ClInclude>
    <ClInclude Include="Source\Game\UIElements\SplashScreen.h">
      <Filter>Header Files\Game\UIElements</Filter>
    </ClInclude>
    <ClInclude Include="Source\Game\Utilities\Win32System.h">
      <Filter>Header Files\Game\Utilities</Filter>
    </ClInclude>
    <ClInclude Include="Source\Game\Utilities\CheckArgument.h">
      <Filter>Header Files\Game\Utilities</Filter>
    </ClInclude>
    <ClInclude Include="Source\Game\Utilities\MessageBox.h">
      <Filter>Header Files\Game\Utilities</Filter>
    </ClInclude>
    <ClInclude Include="Source\Game\Utilities\RandomNumber.h">
      <Filter>Header Files\Game\Utilities</Filter>
    </ClInclude>
    <ClInclude Include="Source\Game\Utilities\StringFunctions.h">
      <Filter>Header Files\Game\Utilities</Filter>
    </ClInclude>
    <ClInclude Include="Source\Game\Utilities\SystemTime.h">
      <Filter>Header Files\Game\Utilities</Filter>
    </ClInclude>
    <ClInclude Include="Source\RegisterComponents.h">
      <Filter>Header Files</Filter>
    </ClInclude>
    <ClInclude Include="Source\Game\UIElement.h">
      <Filter>Header Files\Game</Filter>
    </ClInclude>
    <ClInclude Include="Source\Game\Canvas.h">
      <Filter>Header Files\Game</Filter>
    </ClInclude>
    <ClInclude Include="Source\Game\CustomEvents.h">
      <Filter>Header Files\Game</Filter>
    </ClInclude>
    <ClInclude Include="Source\Game\Game.h">
      <Filter>Header Files\Game</Filter>
    </ClInclude>
    <ClInclude Include="Source\Game\GameLuaBindings.h">
      <Filter>Header Files\Game</Filter>
    </ClInclude>
    <ClInclude Include="Source\Game\GameObject.h">
      <Filter>Header Files\Game</Filter>
    </ClInclude>
    <ClInclude Include="Source\Game\LoadingScreen.h">
      <Filter>Header Files\Game</Filter>
    </ClInclude>
    <ClInclude Include="Source\Game\Stage.h">
      <Filter>Header Files\Game</Filter>
    </ClInclude>
  </ItemGroup>
  <ItemGroup>
    <ResourceCompile Include="Source\project.rc">
      <Filter>Resource Files</Filter>
    </ResourceCompile>
    <ResourceCompile Include="Source\gameicon.ico">
      <Filter>Resource Files</Filter>
    </ResourceCompile>
  </ItemGroup>
</Project>