<?xml version="1.0" encoding="utf-8"?>
<Project ToolsVersion="4.0" xmlns="http://schemas.microsoft.com/developer/msbuild/2003">
  <ItemGroup>
    <Filter Include="Source Files">
      <UniqueIdentifier>{4FC737F1-C7A5-4376-A066-2A32D752A2FF}</UniqueIdentifier>
      <Extensions>cpp;c;cc;cxx;def;odl;idl;hpj;bat;asm;asmx</Extensions>
    </Filter>
    <Filter Include="Header Files">
      <UniqueIdentifier>{93995380-89BD-4b04-88EB-625FBE52EBFB}</UniqueIdentifier>
      <Extensions>h;hh;hpp;hxx;hm;inl;inc;xsd</Extensions>
    </Filter>
    <Filter Include="Source Files\Components">
      <UniqueIdentifier>{1329df82-61c9-4ed0-92cd-314866d32727}</UniqueIdentifier>
    </Filter>
    <Filter Include="Resource Files">
      <UniqueIdentifier>{54f0adeb-8b31-4c2f-979f-e4ee6840b918}</UniqueIdentifier>
    </Filter>
    <Filter Include="Source Files\Game">
      <UniqueIdentifier>{fc2c2338-5908-45b3-ab95-a72958f4e793}</UniqueIdentifier>
    </Filter>
    <Filter Include="Source Files\Game\CustomWidgets">
      <UniqueIdentifier>{3d641fe7-6cf9-4cf1-912f-9492907034a2}</UniqueIdentifier>
    </Filter>
    <Filter Include="Source Files\Game\Input">
      <UniqueIdentifier>{08f9af20-6bde-4018-9f7e-99f4b323c8d8}</UniqueIdentifier>
    </Filter>
    <Filter Include="Source Files\Game\Sound">
      <UniqueIdentifier>{18c9f0eb-348a-4be8-bc17-b16d80459622}</UniqueIdentifier>
    </Filter>
    <Filter Include="Source Files\Game\UIElements">
      <UniqueIdentifier>{a9025c36-50a9-482e-a772-8c2e238b9c00}</UniqueIdentifier>
    </Filter>
    <Filter Include="Source Files\Game\Utilities">
      <UniqueIdentifier>{96b047a9-7132-4c3f-891d-820d8a43d2f9}</UniqueIdentifier>
    </Filter>
    <Filter Include="Header Files\Game">
      <UniqueIdentifier>{a5b091df-bfaa-4c12-b0ff-a3f31632eebf}</UniqueIdentifier>
    </Filter>
    <Filter Include="Header Files\Game\CustomWidgets">
      <UniqueIdentifier>{6a3d2938-b58e-479b-94ec-6abec84eda70}</UniqueIdentifier>
    </Filter>
    <Filter Include="Header Files\Game\Sound">
      <UniqueIdentifier>{697c3e6a-1fb4-4aec-968b-1165fd3d57c1}</UniqueIdentifier>
    </Filter>
    <Filter Include="Header Files\Game\Input">
      <UniqueIdentifier>{b66959b2-0f8e-496d-a02a-2fead2011901}</UniqueIdentifier>
    </Filter>
    <Filter Include="Header Files\Game\Utilities">
      <UniqueIdentifier>{2efb3b47-13d0-45f6-83a7-3d58ded87d04}</UniqueIdentifier>
    </Filter>
    <Filter Include="Header Files\Game\UIElements">
      <UniqueIdentifier>{d7dd02c4-3c16-49e0-92c2-bccf123af5ab}</UniqueIdentifier>
    </Filter>
  </ItemGroup>
  <ItemGroup>
    <ClCompile Include="Source\UltraEngine.cpp">
      <Filter>Source Files</Filter>
    </ClCompile>
    <ClCompile Include="Source\main.cpp">
      <Filter>Source Files</Filter>
    </ClCompile>
    <ClCompile Include="Source\Game\CustomWidgets\FloatSlider.cpp">
      <Filter>Source Files\Game\CustomWidgets</Filter>
    </ClCompile>
    <ClCompile Include="Source\Game\CustomWidgets\InputBindPanel.cpp">
      <Filter>Source Files\Game\CustomWidgets</Filter>
    </ClCompile>
    <ClCompile Include="Source\Game\CustomWidgets\KeyBindButton.cpp">
      <Filter>Source Files\Game\CustomWidgets</Filter>
    </ClCompile>
    <ClCompile Include="Source\Game\CustomWidgets\NumberSlider.cpp">
      <Filter>Source Files\Game\CustomWidgets</Filter>
    </ClCompile>
    <ClCompile Include="Source\Game\CustomWidgets\ResoultionComboBox.cpp">
      <Filter>Source Files\Game\CustomWidgets</Filter>
    </ClCompile>
    <ClCompile Include="Source\Game\CustomWidgets\ScrollPanel.cpp">
      <Filter>Source Files\Game\CustomWidgets</Filter>
    </ClCompile>
    <ClCompile Include="Source\Game\CustomWidgets\Spinner.cpp">
      <Filter>Source Files\Game\CustomWidgets</Filter>
    </ClCompile>
    <ClCompile Include="Source\Game\Input\ButtonCode.cpp">
      <Filter>Source Files\Game\Input</Filter>
    </ClCompile>
    <ClCompile Include="Source\Game\Input\GameController.cpp">
      <Filter>Source Files\Game\Input</Filter>
    </ClCompile>
    <ClCompile Include="Source\Game\Input\Input.cpp">
      <Filter>Source Files\Game\Input</Filter>
    </ClCompile>
    <ClCompile Include="Source\Game\Sound\GameSpeaker.cpp">
      <Filter>Source Files\Game\Sound</Filter>
    </ClCompile>
    <ClCompile Include="Source\Game\Sound\SoundFunctions.cpp">
      <Filter>Source Files\Game\Sound</Filter>
    </ClCompile>
    <ClCompile Include="Source\Game\Sound\SoundProfile.cpp">
      <Filter>Source Files\Game\Sound</Filter>
    </ClCompile>
    <ClCompile Include="Source\Game\UIElements\ConsoleUI.cpp">
      <Filter>Source Files\Game\UIElements</Filter>
    </ClCompile>
    <ClCompile Include="Source\Game\UIElements\GraphicsWindow.cpp">
      <Filter>Source Files\Game\UIElements</Filter>
    </ClCompile>
    <ClCompile Include="Source\Game\UIElements\SettingsUI.cpp">
      <Filter>Source Files\Game\UIElements</Filter>
    </ClCompile>
    <ClCompile Include="Source\Game\UIElements\SplashScreen.cpp">
      <Filter>Source Files\Game\UIElements</Filter>
    </ClCompile>
    <ClCompile Include="Source\Game\UIElements\UIPanel.cpp">
      <Filter>Source Files\Game\UIElements</Filter>
    </ClCompile>
    <ClCompile Include="Source\Game\UIElements\UIWindow.cpp">
      <Filter>Source Files\Game\UIElements</Filter>
    </ClCompile>
    <ClCompile Include="Source\Game\Utilities\CheckArgument.cpp">
      <Filter>Source Files\Game\Utilities</Filter>
    </ClCompile>
    <ClCompile Include="Source\Game\Utilities\MessageBox.cpp">
      <Filter>Source Files\Game\Utilities</Filter>
    </ClCompile>
    <ClCompile Include="Source\Game\Utilities\RandomNumber.cpp">
      <Filter>Source Files\Game\Utilities</Filter>
    </ClCompile>
    <ClCompile Include="Source\Game\Utilities\StringFunctions.cpp">
      <Filter>Source Files\Game\Utilities</Filter>
    </ClCompile>
    <ClCompile Include="Source\Game\Utilities\SystemTime.cpp">
      <Filter>Source Files\Game\Utilities</Filter>
    </ClCompile>
    <ClCompile Include="Source\Game\Utilities\Win32System.cpp">
      <Filter>Source Files\Game\Utilities</Filter>
    </ClCompile>
    <ClCompile Include="Source\Game\Canvas.cpp">
      <Filter>Source Files\Game</Filter>
    </ClCompile>
    <ClCompile Include="Source\Game\Game.cpp">
      <Filter>Source Files\Game</Filter>
    </ClCompile>
    <ClCompile Include="Source\Game\GameLuaBindings.cpp">
      <Filter>Source Files\Game</Filter>
    </ClCompile>
    <ClCompile Include="Source\Game\GameObject.cpp">
      <Filter>Source Files\Game</Filter>
    </ClCompile>
    <ClCompile Include="Source\Game\LoadingScreen.cpp">
      <Filter>Source Files\Game</Filter>
    </ClCompile>
    <ClCompile Include="Source\Game\Stage.cpp">
      <Filter>Source Files\Game</Filter>
    </ClCompile>
    <ClCompile Include="Source\Game\UIElement.cpp">
      <Filter>Source Files\Game</Filter>
    </ClCompile>
  </ItemGroup>
  <ItemGroup>
    <ClInclude Include="Source\resource.h">
      <Filter>Header Files</Filter>
    </ClInclude>
    <ClInclude Include="Source\targetver.h">
      <Filter>Header Files</Filter>
    </ClInclude>
    <ClInclude Include="Source\ComponentSystem.h">
      <Filter>Header Files</Filter>
    </ClInclude>
    <ClInclude Include="Source\Game\CustomWidgets\InputBindPanel.h">
      <Filter>Header Files\Game\CustomWidgets</Filter>
    </ClInclude>
    <ClInclude Include="Source\Game\CustomWidgets\KeyBindButton.h">
      <Filter>Header Files\Game\CustomWidgets</Filter>
    </ClInclude>
    <ClInclude Include="Source\Game\CustomWidgets\NumberSlider.h">
      <Filter>Header Files\Game\CustomWidgets</Filter>
    </ClInclude>
    <ClInclude Include="Source\Game\CustomWidgets\ResoultionComboBox.h">
      <Filter>Header Files\Game\CustomWidgets</Filter>
    </ClInclude>
    <ClInclude Include="Source\Game\CustomWidgets\ScrollPanel.h">
      <Filter>Header Files\Game\CustomWidgets</Filter>
    </ClInclude>
    <ClInclude Include="Source\Game\CustomWidgets\Spinner.h">
      <Filter>Header Files\Game\CustomWidgets</Filter>
    </ClInclude>
    <ClInclude Include="Source\Game\CustomWidgets\FloatSlider.h">
      <Filter>Header Files\Game\CustomWidgets</Filter>
    </ClInclude>
    <ClInclude Include="Source\Game\Input\ButtonCode.h">
      <Filter>Header Files\Game\Input</Filter>
    </ClInclude>
    <ClInclude Include="Source\Game\Input\GameController.h">
      <Filter>Header Files\Game\Input</Filter>
    </ClInclude>
    <ClInclude Include="Source\Game\Input\Input.h">
      <Filter>Header Files\Game\Input</Filter>
    </ClInclude>
    <ClInclude Include="Source\Game\UIElements\SplashScreen.h">
      <Filter>Header Files\Game\UIElements</Filter>
    </ClInclude>
    <ClInclude Include="Source\Game\UIElements\UIPanel.h">
      <Filter>Header Files\Game\UIElements</Filter>
    </ClInclude>
    <ClInclude Include="Source\Game\UIElements\UIWindow.h">
      <Filter>Header Files\Game\UIElements</Filter>
    </ClInclude>
    <ClInclude Include="Source\Game\UIElements\ConsoleUI.h">
      <Filter>Header Files\Game\UIElements</Filter>
    </ClInclude>
    <ClInclude Include="Source\Game\UIElements\GraphicsWindow.h">
      <Filter>Header Files\Game\UIElements</Filter>
    </ClInclude>
    <ClInclude Include="Source\Game\UIElements\SettingsUI.h">
      <Filter>Header Files\Game\UIElements</Filter>
    </ClInclude>
    <ClInclude Include="Source\Game\Utilities\CheckArgument.h">
      <Filter>Header Files\Game\Utilities</Filter>
    </ClInclude>
    <ClInclude Include="Source\Game\Utilities\MessageBox.h">
      <Filter>Header Files\Game\Utilities</Filter>
    </ClInclude>
    <ClInclude Include="Source\Game\Utilities\RandomNumber.h">
      <Filter>Header Files\Game\Utilities</Filter>
    </ClInclude>
    <ClInclude Include="Source\Game\Utilities\StringFunctions.h">
      <Filter>Header Files\Game\Utilities</Filter>
    </ClInclude>
    <ClInclude Include="Source\Game\Utilities\SystemTime.h">
      <Filter>Header Files\Game\Utilities</Filter>
    </ClInclude>
    <ClInclude Include="Source\Game\Utilities\Win32System.h">
      <Filter>Header Files\Game\Utilities</Filter>
    </ClInclude>
    <ClInclude Include="Source\Game\Sound\GameSpeaker.h">
      <Filter>Header Files\Game\Sound</Filter>
    </ClInclude>
    <ClInclude Include="Source\Game\Sound\SoundFunctions.h">
      <Filter>Header Files\Game\Sound</Filter>
    </ClInclude>
    <ClInclude Include="Source\Game\Sound\SoundProfile.h">
      <Filter>Header Files\Game\Sound</Filter>
    </ClInclude>
    <ClInclude Include="Source\Game\GameLuaBindings.h">
      <Filter>Header Files\Game</Filter>
    </ClInclude>
    <ClInclude Include="Source\Game\GameObject.h">
      <Filter>Header Files\Game</Filter>
    </ClInclude>
    <ClInclude Include="Source\Game\LoadingScreen.h">
      <Filter>Header Files\Game</Filter>
    </ClInclude>
    <ClInclude Include="Source\Game\Stage.h">
      <Filter>Header Files\Game</Filter>
    </ClInclude>
    <ClInclude Include="Source\Game\UIElement.h">
      <Filter>Header Files\Game</Filter>
    </ClInclude>
    <ClInclude Include="Source\Game\Canvas.h">
      <Filter>Header Files\Game</Filter>
    </ClInclude>
    <ClInclude Include="Source\Game\CustomEvents.h">
      <Filter>Header Files\Game</Filter>
    </ClInclude>
    <ClInclude Include="Source\Game\Game.h">
      <Filter>Header Files\Game</Filter>
    </ClInclude>
    <ClInclude Include="Source\Controls.h">
      <Filter>Header Files</Filter>
    </ClInclude>
  </ItemGroup>
  <ItemGroup>
    <ResourceCompile Include="Source\project.rc">
      <Filter>Resource Files</Filter>
    </ResourceCompile>
  </ItemGroup>
  <ItemGroup>
    <Image Include="Source\gameicon.ico">
      <Filter>Resource Files</Filter>
    </Image>
  </ItemGroup>
</Project>